lockfileVersion: "9.0"

settings:
  autoInstallPeers: true
  excludeLinksFromLockfile: false

importers:
  .:
    devDependencies:
      "@tsconfig/strictest":
        specifier: ^2.0.8
        version: 2.0.8
      "@webgpu/types":
        specifier: ^0.1.68
        version: 0.1.68
      prettier:
        specifier: ^3.7.4
        version: 3.7.4
      typescript:
        specifier: ^5.9.3
        version: 5.9.3

packages:
  "@tsconfig/strictest@2.0.8":
    resolution:
      {
        integrity: sha512-XnQ7vNz5HRN0r88GYf1J9JJjqtZPiHt2woGJOo2dYqyHGGcd6OLGqSlBB6p1j9mpzja6Oe5BoPqWmeDx6X9rLw==,
      }

  "@webgpu/types@0.1.68":
    resolution:
      {
        integrity: sha512-3ab1B59Ojb6RwjOspYLsTpCzbNB3ZaamIAxBMmvnNkiDoLTZUOBXZ9p5nAYVEkQlDdf6qAZWi1pqj9+ypiqznA==,
      }

  prettier@3.7.4:
    resolution:
      {
        integrity: sha512-v6UNi1+3hSlVvv8fSaoUbggEM5VErKmmpGA7Pl3HF8V6uKY7rvClBOJlH6yNwQtfTueNkGVpOv/mtWL9L4bgRA==,
      }
    engines: { node: ">=14" }
    hasBin: true

  typescript@5.9.3:
    resolution:
      {
        integrity: sha512-jl1vZzPDinLr9eUt3J/t7V6FgNEw9QjvBPdysz9KfQDD41fQrC2Y4vKQdiaUpFT4bXlb1RHhLpp8wtm6M5TgSw==,
      }
    engines: { node: ">=14.17" }
    hasBin: true

snapshots:
  "@tsconfig/strictest@2.0.8": {}

  "@webgpu/types@0.1.68": {}

  prettier@3.7.4: {}

  typescript@5.9.3: {}
