lockfileVersion: "6.0"

settings:
  autoInstallPeers: true
  excludeLinksFromLockfile: false

devDependencies:
  "@tsconfig/strictest":
    specifier: ^2.0.3
    version: 2.0.3
  "@types/node":
    specifier: ^20.11.30
    version: 20.11.30
  "@webgpu/types":
    specifier: ^0.1.40
    version: 0.1.40
  prettier:
    specifier: ^3.2.5
    version: 3.2.5
  typescript:
    specifier: ^5.4.3
    version: 5.4.3

packages:
  /@tsconfig/strictest@2.0.3:
    resolution:
      {
        integrity: sha512-MroLvRhMbqtXI5WBSwoomro6OQS4xnCoudUrMb20JO0vLKUs0bAaCEcvM/immEBSJjFAK1l6jW1oAO8q3Ancrg==,
      }
    dev: true

  /@types/node@20.11.30:
    resolution:
      {
        integrity: sha512-dHM6ZxwlmuZaRmUPfv1p+KrdD1Dci04FbdEm/9wEMouFqxYoFl5aMkt0VMAUtYRQDyYvD41WJLukhq/ha3YuTw==,
      }
    dependencies:
      undici-types: 5.26.5
    dev: true

  /@webgpu/types@0.1.40:
    resolution:
      {
        integrity: sha512-/BBkHLS6/eQjyWhY2H7Dx5DHcVrS2ICj9owvSRdgtQT6KcafLZA86tPze0xAOsd4FbsYKCUBUQyNi87q7gV7kw==,
      }
    dev: true

  /prettier@3.2.5:
    resolution:
      {
        integrity: sha512-3/GWa9aOC0YeD7LUfvOG2NiDyhOWRvt1k+rcKhOuYnMY24iiCphgneUfJDyFXd6rZCAnuLBv6UeAULtrhT/F4A==,
      }
    engines: { node: ">=14" }
    hasBin: true
    dev: true

  /typescript@5.4.3:
    resolution:
      {
        integrity: sha512-KrPd3PKaCLr78MalgiwJnA25Nm8HAmdwN3mYUYZgG/wizIo9EainNVQI9/yDavtVFRN2h3k8uf3GLHuhDMgEHg==,
      }
    engines: { node: ">=14.17" }
    hasBin: true
    dev: true

  /undici-types@5.26.5:
    resolution:
      {
        integrity: sha512-JlCMO+ehdEIKqlFxk6IfVoAUVmgz7cU7zD/h9XZ0qzeosSHmUJVOzSQvvYSYWXkFXC+IfLKSIffhv0sVZup6pA==,
      }
    dev: true
